<?xml version="1.0" encoding="utf-8"?>
<Project ToolsVersion="4.0" xmlns="http://schemas.microsoft.com/developer/msbuild/2003">
  <ItemGroup>
<<<<<<< HEAD
    <ClCompile Include="P1_Background.cpp" />
    <ClCompile Include="Background_Lobby.cpp" />
    <ClCompile Include="Character.cpp" />
    <ClCompile Include="DAnimation.cpp" />
    <ClCompile Include="DCircle.cpp" />
    <ClCompile Include="DLine.cpp" />
    <ClCompile Include="DRectangle.cpp" />
    <ClCompile Include="DShape.cpp" />
    <ClCompile Include="DSprite.cpp" />
    <ClCompile Include="DText.cpp" />
    <ClCompile Include="DustEffect.cpp" />
    <ClCompile Include="EffectObject.cpp" />
    <ClCompile Include="Framework.cpp" />
    <ClCompile Include="GameManager.cpp" />
    <ClCompile Include="GameObject.cpp" />
    <ClCompile Include="P1_GameOver.cpp" />
    <ClCompile Include="GameStart.cpp" />
    <ClCompile Include="InputManager.cpp" />
    <ClCompile Include="main.cpp" />
    <ClCompile Include="Monster.cpp" />
    <ClCompile Include="MouseCursor.cpp" />
    <ClCompile Include="SceneBase.cpp" />
    <ClCompile Include="SceneManager.cpp" />
    <ClCompile Include="Scene_P1_GameOver.cpp" />
    <ClCompile Include="Scene_Lobby.cpp" />
    <ClCompile Include="Scene_Test.cpp" />
    <ClCompile Include="P1_Score.cpp" />
    <ClCompile Include="SoundObject.cpp" />
    <ClCompile Include="Scene_Play1.cpp" />
    <ClCompile Include="Scene_Play2.cpp" />
    <ClCompile Include="P2_Background.cpp" />
    <ClCompile Include="P1_Success.cpp" />
    <ClCompile Include="Scene_P1_Success.cpp" />
    <ClCompile Include="Bullet.cpp" />
    <ClCompile Include="P2_Success.cpp" />
    <ClCompile Include="P2_GameOver.cpp" />
    <ClCompile Include="Scene_P2_Success.cpp" />
    <ClCompile Include="Scene_P2_GameOver.cpp" />
    <ClCompile Include="P2_Score.cpp" />
  </ItemGroup>
  <ItemGroup>
    <ClInclude Include="P1_Background.h" />
    <ClInclude Include="Background_Lobby.h" />
    <ClInclude Include="Character.h" />
    <ClInclude Include="DAnimation.h" />
    <ClInclude Include="DCircle.h" />
    <ClInclude Include="DLine.h" />
    <ClInclude Include="DrawableObject.h" />
    <ClInclude Include="DRectangle.h" />
    <ClInclude Include="DShape.h" />
    <ClInclude Include="DSprite.h" />
    <ClInclude Include="DText.h" />
    <ClInclude Include="DustEffect.h" />
    <ClInclude Include="EffectObject.h" />
    <ClInclude Include="Framework.h" />
    <ClInclude Include="GameManager.h" />
    <ClInclude Include="GameObject.h" />
    <ClInclude Include="P1_GameOver.h" />
    <ClInclude Include="GameStart.h" />
    <ClInclude Include="InputManager.h" />
    <ClInclude Include="Monster.h" />
    <ClInclude Include="MouseCursor.h" />
    <ClInclude Include="pch.h" />
    <ClInclude Include="ResourceManager.h" />
    <ClInclude Include="SceneBase.h" />
    <ClInclude Include="SceneManager.h" />
    <ClInclude Include="Scene_P1_GameOver.h" />
    <ClInclude Include="Scene_Lobby.h" />
    <ClInclude Include="Scene_Test.h" />
    <ClInclude Include="P1_Score.h" />
    <ClInclude Include="Singleton.h" />
    <ClInclude Include="SoundObject.h" />
    <ClInclude Include="Scene_Play1.h" />
    <ClInclude Include="Scene_Play2.h" />
    <ClInclude Include="P2_Background.h" />
    <ClInclude Include="P1_Success.h" />
    <ClInclude Include="Scene_P1_Success.h" />
    <ClInclude Include="Bullet.h" />
    <ClInclude Include="P2_Success.h" />
    <ClInclude Include="P2_GameOver.h" />
    <ClInclude Include="Scene_P2_Success.h" />
    <ClInclude Include="Scene_P2_GameOver.h" />
    <ClInclude Include="P2_Score.h" />
=======
    <Filter Include="소스 파일">
      <UniqueIdentifier>{4FC737F1-C7A5-4376-A066-2A32D752A2FF}</UniqueIdentifier>
      <Extensions>cpp;c;cc;cxx;c++;cppm;ixx;def;odl;idl;hpj;bat;asm;asmx</Extensions>
    </Filter>
    <Filter Include="헤더 파일">
      <UniqueIdentifier>{93995380-89BD-4b04-88EB-625FBE52EBFB}</UniqueIdentifier>
      <Extensions>h;hh;hpp;hxx;h++;hm;inl;inc;ipp;xsd</Extensions>
    </Filter>
    <Filter Include="리소스 파일">
      <UniqueIdentifier>{67DA6AB6-F800-4c08-8B7A-83BB121AAD01}</UniqueIdentifier>
      <Extensions>rc;ico;cur;bmp;dlg;rc2;rct;bin;rgs;gif;jpg;jpeg;jpe;resx;tiff;tif;png;wav;mfcribbon-ms</Extensions>
    </Filter>
    <Filter Include="GameEngine">
      <UniqueIdentifier>{d2804a64-e3df-4921-b5e7-1b4cd7eb9eba}</UniqueIdentifier>
    </Filter>
    <Filter Include="GameEngine\Manager">
      <UniqueIdentifier>{e5478075-9950-4e6e-a9b8-1f0a846b229d}</UniqueIdentifier>
    </Filter>
    <Filter Include="GameEngine\Drawable">
      <UniqueIdentifier>{ed74a6ef-8021-446c-b4f5-40eaa77dca59}</UniqueIdentifier>
    </Filter>
    <Filter Include="Scene">
      <UniqueIdentifier>{1ec3e776-9e12-4f66-80f8-f44ebb9425d1}</UniqueIdentifier>
    </Filter>
  </ItemGroup>
  <ItemGroup>
    <ClCompile Include="main.cpp">
      <Filter>소스 파일</Filter>
    </ClCompile>
    <ClCompile Include="GameObject.cpp">
      <Filter>GameEngine</Filter>
    </ClCompile>
    <ClCompile Include="SceneBase.cpp">
      <Filter>GameEngine</Filter>
    </ClCompile>
    <ClCompile Include="GameManager.cpp">
      <Filter>GameEngine\Manager</Filter>
    </ClCompile>
    <ClCompile Include="InputManager.cpp">
      <Filter>GameEngine\Manager</Filter>
    </ClCompile>
    <ClCompile Include="SceneManager.cpp">
      <Filter>GameEngine\Manager</Filter>
    </ClCompile>
    <ClCompile Include="DRectangle.cpp">
      <Filter>GameEngine\Drawable</Filter>
    </ClCompile>
    <ClCompile Include="DCircle.cpp">
      <Filter>GameEngine\Drawable</Filter>
    </ClCompile>
    <ClCompile Include="DSprite.cpp">
      <Filter>GameEngine\Drawable</Filter>
    </ClCompile>
    <ClCompile Include="DText.cpp">
      <Filter>GameEngine\Drawable</Filter>
    </ClCompile>
    <ClCompile Include="DShape.cpp">
      <Filter>GameEngine\Drawable</Filter>
    </ClCompile>
    <ClCompile Include="DAnimation.cpp">
      <Filter>GameEngine\Drawable</Filter>
    </ClCompile>
    <ClCompile Include="DLine.cpp">
      <Filter>소스 파일</Filter>
    </ClCompile>
    <ClCompile Include="AABB.cpp">
      <Filter>소스 파일</Filter>
    </ClCompile>
    <ClCompile Include="Character.cpp">
      <Filter>소스 파일</Filter>
    </ClCompile>
    <ClCompile Include="Monster.cpp">
      <Filter>소스 파일</Filter>
    </ClCompile>
    <ClCompile Include="Score.cpp">
      <Filter>소스 파일</Filter>
    </ClCompile>
    <ClCompile Include="Background.cpp">
      <Filter>소스 파일</Filter>
    </ClCompile>
    <ClCompile Include="Scene_Lobby.cpp">
      <Filter>Scene</Filter>
    </ClCompile>
    <ClCompile Include="Scene_Test.cpp">
      <Filter>Scene</Filter>
    </ClCompile>
    <ClCompile Include="Background_Lobby.cpp">
      <Filter>소스 파일</Filter>
    </ClCompile>
    <ClCompile Include="Framework.cpp">
      <Filter>GameEngine</Filter>
    </ClCompile>
    <ClCompile Include="GameOver.cpp">
      <Filter>소스 파일</Filter>
    </ClCompile>
    <ClCompile Include="SoundPlayer.cpp">
      <Filter>소스 파일</Filter>
    </ClCompile>
    <ClCompile Include="MouseCursor.cpp">
      <Filter>소스 파일</Filter>
    </ClCompile>
    <ClCompile Include="GameStart.cpp">
      <Filter>소스 파일</Filter>
    </ClCompile>
    <ClCompile Include="EffectObject.cpp">
      <Filter>소스 파일</Filter>
    </ClCompile>
    <ClCompile Include="Scene_GameOver.cpp">
      <Filter>Scene</Filter>
    </ClCompile>
    <ClCompile Include="DustEffect.cpp">
      <Filter>소스 파일</Filter>
    </ClCompile>
    <ClCompile Include="SoundObject.cpp">
      <Filter>소스 파일</Filter>
    </ClCompile>
  </ItemGroup>
  <ItemGroup>
    <ClInclude Include="pch.h">
      <Filter>헤더 파일</Filter>
    </ClInclude>
    <ClInclude Include="GameObject.h">
      <Filter>GameEngine</Filter>
    </ClInclude>
    <ClInclude Include="SceneBase.h">
      <Filter>GameEngine</Filter>
    </ClInclude>
    <ClInclude Include="GameManager.h">
      <Filter>GameEngine\Manager</Filter>
    </ClInclude>
    <ClInclude Include="ResourceManager.h">
      <Filter>GameEngine\Manager</Filter>
    </ClInclude>
    <ClInclude Include="SceneManager.h">
      <Filter>GameEngine\Manager</Filter>
    </ClInclude>
    <ClInclude Include="Singleton.h">
      <Filter>GameEngine\Manager</Filter>
    </ClInclude>
    <ClInclude Include="InputManager.h">
      <Filter>GameEngine\Manager</Filter>
    </ClInclude>
    <ClInclude Include="DrawableObject.h">
      <Filter>GameEngine\Drawable</Filter>
    </ClInclude>
    <ClInclude Include="DSprite.h">
      <Filter>GameEngine\Drawable</Filter>
    </ClInclude>
    <ClInclude Include="DCircle.h">
      <Filter>GameEngine\Drawable</Filter>
    </ClInclude>
    <ClInclude Include="DAnimation.h">
      <Filter>GameEngine\Drawable</Filter>
    </ClInclude>
    <ClInclude Include="DRectangle.h">
      <Filter>GameEngine\Drawable</Filter>
    </ClInclude>
    <ClInclude Include="DShape.h">
      <Filter>GameEngine\Drawable</Filter>
    </ClInclude>
    <ClInclude Include="DText.h">
      <Filter>GameEngine\Drawable</Filter>
    </ClInclude>
    <ClInclude Include="DLine.h">
      <Filter>헤더 파일</Filter>
    </ClInclude>
    <ClInclude Include="AABB.h">
      <Filter>헤더 파일</Filter>
    </ClInclude>
    <ClInclude Include="Character.h">
      <Filter>헤더 파일</Filter>
    </ClInclude>
    <ClInclude Include="Monster.h">
      <Filter>헤더 파일</Filter>
    </ClInclude>
    <ClInclude Include="Score.h">
      <Filter>헤더 파일</Filter>
    </ClInclude>
    <ClInclude Include="Background.h">
      <Filter>헤더 파일</Filter>
    </ClInclude>
    <ClInclude Include="Background_Lobby.h">
      <Filter>헤더 파일</Filter>
    </ClInclude>
    <ClInclude Include="Framework.h">
      <Filter>GameEngine</Filter>
    </ClInclude>
    <ClInclude Include="Scene_Lobby.h">
      <Filter>Scene</Filter>
    </ClInclude>
    <ClInclude Include="Scene_Test.h">
      <Filter>Scene</Filter>
    </ClInclude>
    <ClInclude Include="GameOver.h">
      <Filter>헤더 파일</Filter>
    </ClInclude>
    <ClInclude Include="SoundPlayer.h">
      <Filter>헤더 파일</Filter>
    </ClInclude>
    <ClInclude Include="MouseCursor.h">
      <Filter>헤더 파일</Filter>
    </ClInclude>
    <ClInclude Include="GameStart.h">
      <Filter>헤더 파일</Filter>
    </ClInclude>
    <ClInclude Include="EffectObject.h">
      <Filter>헤더 파일</Filter>
    </ClInclude>
    <ClInclude Include="Scene_GameOver.h">
      <Filter>Scene</Filter>
    </ClInclude>
    <ClInclude Include="DustEffect.h">
      <Filter>헤더 파일</Filter>
    </ClInclude>
    <ClInclude Include="SoundObject.h">
      <Filter>헤더 파일</Filter>
    </ClInclude>
>>>>>>> origin/master
  </ItemGroup>
</Project>