<?xml version="1.0" encoding="utf-8"?>
<Project ToolsVersion="4.0" xmlns="http://schemas.microsoft.com/developer/msbuild/2003">
  <ItemGroup>
    <ClCompile Include="AABB.cpp" />
    <ClCompile Include="Background.cpp" />
    <ClCompile Include="Background_Lobby.cpp" />
    <ClCompile Include="Character.cpp" />
    <ClCompile Include="DAnimation.cpp" />
    <ClCompile Include="DCircle.cpp" />
    <ClCompile Include="DLine.cpp" />
    <ClCompile Include="DRectangle.cpp" />
    <ClCompile Include="DShape.cpp" />
    <ClCompile Include="DSprite.cpp" />
    <ClCompile Include="DText.cpp" />
    <ClCompile Include="Framework.cpp" />
    <ClCompile Include="GameManager.cpp" />
    <ClCompile Include="GameObject.cpp" />
    <ClCompile Include="GameStart.cpp" />
    <ClCompile Include="InputManager.cpp" />
    <ClCompile Include="main.cpp" />
    <ClCompile Include="Monster.cpp" />
    <ClCompile Include="SceneBase.cpp" />
    <ClCompile Include="SceneManager.cpp" />
    <ClCompile Include="Scene_Lobby.cpp" />
    <ClCompile Include="Scene_Test.cpp" />
    <ClCompile Include="Score.cpp" />
    <ClCompile Include="GameOver.cpp" />
    <ClCompile Include="Scene_GameOver.cpp" />
  </ItemGroup>
  <ItemGroup>
    <ClInclude Include="AABB.h" />
    <ClInclude Include="Background.h" />
    <ClInclude Include="Background_Lobby.h" />
    <ClInclude Include="Character.h" />
    <ClInclude Include="DAnimation.h" />
    <ClInclude Include="DCircle.h" />
    <ClInclude Include="DLine.h" />
    <ClInclude Include="DrawableObject.h" />
    <ClInclude Include="DRectangle.h" />
    <ClInclude Include="DShape.h" />
    <ClInclude Include="DSprite.h" />
    <ClInclude Include="DText.h" />
    <ClInclude Include="Framework.h" />
    <ClInclude Include="GameManager.h" />
    <ClInclude Include="GameObject.h" />
    <ClInclude Include="GameStart.h" />
    <ClInclude Include="InputManager.h" />
    <ClInclude Include="Monster.h" />
    <ClInclude Include="pch.h" />
    <ClInclude Include="ResourceManager.h" />
    <ClInclude Include="SceneBase.h" />
    <ClInclude Include="SceneManager.h" />
    <ClInclude Include="Scene_Lobby.h" />
    <ClInclude Include="Scene_Test.h" />
    <ClInclude Include="Score.h" />
    <ClInclude Include="Singleton.h" />
    <ClInclude Include="GameOver.h" />
    <ClInclude Include="Scene_GameOver.h" />
  </ItemGroup>
</Project>